// !$*UTF8*$!
{
	archiveVersion = 1;
	classes = {
	};
	objectVersion = 55;
	objects = {

/* Begin PBXBuildFile section */
		3E16B869273C410D004AEC21 /* jubiliApp.swift in Sources */ = {isa = PBXBuildFile; fileRef = 3E16B868273C410D004AEC21 /* jubiliApp.swift */; };
		3E16B86D273C410F004AEC21 /* Assets.xcassets in Resources */ = {isa = PBXBuildFile; fileRef = 3E16B86C273C410F004AEC21 /* Assets.xcassets */; };
		3E16B870273C410F004AEC21 /* Preview Assets.xcassets in Resources */ = {isa = PBXBuildFile; fileRef = 3E16B86F273C410F004AEC21 /* Preview Assets.xcassets */; };
		3E16B87A273C410F004AEC21 /* jubiliTests.swift in Sources */ = {isa = PBXBuildFile; fileRef = 3E16B879273C410F004AEC21 /* jubiliTests.swift */; };
		3E16B884273C410F004AEC21 /* jubiliUITests.swift in Sources */ = {isa = PBXBuildFile; fileRef = 3E16B883273C410F004AEC21 /* jubiliUITests.swift */; };
		3E16B886273C410F004AEC21 /* jubiliUITestsLaunchTests.swift in Sources */ = {isa = PBXBuildFile; fileRef = 3E16B885273C410F004AEC21 /* jubiliUITestsLaunchTests.swift */; };
		3E16B897273E71DC004AEC21 /* UIScreen+Extension.swift in Sources */ = {isa = PBXBuildFile; fileRef = 3E16B896273E71DC004AEC21 /* UIScreen+Extension.swift */; };
		3E16B899273E7273004AEC21 /* Color+Extension.swift in Sources */ = {isa = PBXBuildFile; fileRef = 3E16B898273E7273004AEC21 /* Color+Extension.swift */; };
		3E16B89E273EDA49004AEC21 /* StoreFrontView.swift in Sources */ = {isa = PBXBuildFile; fileRef = 3E16B89D273EDA49004AEC21 /* StoreFrontView.swift */; };
		3E16B8A0273EDA61004AEC21 /* ProductView.swift in Sources */ = {isa = PBXBuildFile; fileRef = 3E16B89F273EDA61004AEC21 /* ProductView.swift */; };
		3E16B8A2273EDA6E004AEC21 /* CartView.swift in Sources */ = {isa = PBXBuildFile; fileRef = 3E16B8A1273EDA6E004AEC21 /* CartView.swift */; };
		3E16B8A8273EE66F004AEC21 /* HeaderButtonView.swift in Sources */ = {isa = PBXBuildFile; fileRef = 3E16B8A7273EE66F004AEC21 /* HeaderButtonView.swift */; };
		3E16B8AA273EE770004AEC21 /* HeaderView.swift in Sources */ = {isa = PBXBuildFile; fileRef = 3E16B8A9273EE770004AEC21 /* HeaderView.swift */; };
		3E16B8AC273EEC55004AEC21 /* SubHeaderView.swift in Sources */ = {isa = PBXBuildFile; fileRef = 3E16B8AB273EEC55004AEC21 /* SubHeaderView.swift */; };
		3E16B8AF273F00C8004AEC21 /* ProductCarouselView.swift in Sources */ = {isa = PBXBuildFile; fileRef = 3E16B8AE273F00C8004AEC21 /* ProductCarouselView.swift */; };
		3E16B8B1273F0120004AEC21 /* ProductCarouselHeaderView.swift in Sources */ = {isa = PBXBuildFile; fileRef = 3E16B8B0273F0120004AEC21 /* ProductCarouselHeaderView.swift */; };
		3E16B8B3273F15FE004AEC21 /* ProductCardView.swift in Sources */ = {isa = PBXBuildFile; fileRef = 3E16B8B2273F15FE004AEC21 /* ProductCardView.swift */; };
		3ECB3DC727411C7400A14D36 /* FlatLinkStyle.swift in Sources */ = {isa = PBXBuildFile; fileRef = 3ECB3DC627411C7400A14D36 /* FlatLinkStyle.swift */; };
		3ECB3DC9274226D400A14D36 /* FlatBlueButton.swift in Sources */ = {isa = PBXBuildFile; fileRef = 3ECB3DC8274226D400A14D36 /* FlatBlueButton.swift */; };
		3ECB3DCB27427F3600A14D36 /* ProductDetailsTopView.swift in Sources */ = {isa = PBXBuildFile; fileRef = 3ECB3DCA27427F3600A14D36 /* ProductDetailsTopView.swift */; };
		3ECB3DCD2742821100A14D36 /* CartButtonView.swift in Sources */ = {isa = PBXBuildFile; fileRef = 3ECB3DCC2742821100A14D36 /* CartButtonView.swift */; };
		3ECB3DCF2742827900A14D36 /* ProductDetailsLocationView.swift in Sources */ = {isa = PBXBuildFile; fileRef = 3ECB3DCE2742827800A14D36 /* ProductDetailsLocationView.swift */; };
		3ECB3DD12742833000A14D36 /* ProductDetailsPriceView.swift in Sources */ = {isa = PBXBuildFile; fileRef = 3ECB3DD02742832F00A14D36 /* ProductDetailsPriceView.swift */; };
		3ECB3DD42743920800A14D36 /* ProductModel.swift in Sources */ = {isa = PBXBuildFile; fileRef = 3ECB3DD32743920800A14D36 /* ProductModel.swift */; };
		3ECB3DD62743922E00A14D36 /* CategoryModel.swift in Sources */ = {isa = PBXBuildFile; fileRef = 3ECB3DD52743922E00A14D36 /* CategoryModel.swift */; };
		3ECB3DDA2743925700A14D36 /* CartModel.swift in Sources */ = {isa = PBXBuildFile; fileRef = 3ECB3DD92743925700A14D36 /* CartModel.swift */; };
		3ECB3DDE274397EC00A14D36 /* ProductDataProvider.swift in Sources */ = {isa = PBXBuildFile; fileRef = 3ECB3DDD274397EC00A14D36 /* ProductDataProvider.swift */; };
		3ECB3DE22746394100A14D36 /* AvailabilityModel.swift in Sources */ = {isa = PBXBuildFile; fileRef = 3ECB3DE12746394100A14D36 /* AvailabilityModel.swift */; };
		3ECB3DE42746396900A14D36 /* ProductImage.swift in Sources */ = {isa = PBXBuildFile; fileRef = 3ECB3DE32746396900A14D36 /* ProductImage.swift */; };
		3ECB3DE82746DC3B00A14D36 /* UIApplication+Extension.swift in Sources */ = {isa = PBXBuildFile; fileRef = 3ECB3DE72746DC3A00A14D36 /* UIApplication+Extension.swift */; };
		3ECB3DEA2747084600A14D36 /* ImageCarouselView.swift in Sources */ = {isa = PBXBuildFile; fileRef = 3ECB3DE92747084600A14D36 /* ImageCarouselView.swift */; };
/* End PBXBuildFile section */

/* Begin PBXContainerItemProxy section */
		3E16B876273C410F004AEC21 /* PBXContainerItemProxy */ = {
			isa = PBXContainerItemProxy;
			containerPortal = 3E16B85D273C410D004AEC21 /* Project object */;
			proxyType = 1;
			remoteGlobalIDString = 3E16B864273C410D004AEC21;
			remoteInfo = jubili;
		};
		3E16B880273C410F004AEC21 /* PBXContainerItemProxy */ = {
			isa = PBXContainerItemProxy;
			containerPortal = 3E16B85D273C410D004AEC21 /* Project object */;
			proxyType = 1;
			remoteGlobalIDString = 3E16B864273C410D004AEC21;
			remoteInfo = jubili;
		};
/* End PBXContainerItemProxy section */

/* Begin PBXFileReference section */
		3E16B865273C410D004AEC21 /* Jubili.app */ = {isa = PBXFileReference; explicitFileType = wrapper.application; includeInIndex = 0; path = Jubili.app; sourceTree = BUILT_PRODUCTS_DIR; };
		3E16B868273C410D004AEC21 /* jubiliApp.swift */ = {isa = PBXFileReference; lastKnownFileType = sourcecode.swift; path = jubiliApp.swift; sourceTree = "<group>"; };
		3E16B86C273C410F004AEC21 /* Assets.xcassets */ = {isa = PBXFileReference; lastKnownFileType = folder.assetcatalog; path = Assets.xcassets; sourceTree = "<group>"; };
		3E16B86F273C410F004AEC21 /* Preview Assets.xcassets */ = {isa = PBXFileReference; lastKnownFileType = folder.assetcatalog; path = "Preview Assets.xcassets"; sourceTree = "<group>"; };
		3E16B875273C410F004AEC21 /* jubiliTests.xctest */ = {isa = PBXFileReference; explicitFileType = wrapper.cfbundle; includeInIndex = 0; path = jubiliTests.xctest; sourceTree = BUILT_PRODUCTS_DIR; };
		3E16B879273C410F004AEC21 /* jubiliTests.swift */ = {isa = PBXFileReference; lastKnownFileType = sourcecode.swift; path = jubiliTests.swift; sourceTree = "<group>"; };
		3E16B87F273C410F004AEC21 /* jubiliUITests.xctest */ = {isa = PBXFileReference; explicitFileType = wrapper.cfbundle; includeInIndex = 0; path = jubiliUITests.xctest; sourceTree = BUILT_PRODUCTS_DIR; };
		3E16B883273C410F004AEC21 /* jubiliUITests.swift */ = {isa = PBXFileReference; lastKnownFileType = sourcecode.swift; path = jubiliUITests.swift; sourceTree = "<group>"; };
		3E16B885273C410F004AEC21 /* jubiliUITestsLaunchTests.swift */ = {isa = PBXFileReference; lastKnownFileType = sourcecode.swift; path = jubiliUITestsLaunchTests.swift; sourceTree = "<group>"; };
		3E16B896273E71DC004AEC21 /* UIScreen+Extension.swift */ = {isa = PBXFileReference; lastKnownFileType = sourcecode.swift; path = "UIScreen+Extension.swift"; sourceTree = "<group>"; };
		3E16B898273E7273004AEC21 /* Color+Extension.swift */ = {isa = PBXFileReference; lastKnownFileType = sourcecode.swift; path = "Color+Extension.swift"; sourceTree = "<group>"; };
		3E16B89D273EDA49004AEC21 /* StoreFrontView.swift */ = {isa = PBXFileReference; lastKnownFileType = sourcecode.swift; path = StoreFrontView.swift; sourceTree = "<group>"; };
		3E16B89F273EDA61004AEC21 /* ProductView.swift */ = {isa = PBXFileReference; lastKnownFileType = sourcecode.swift; path = ProductView.swift; sourceTree = "<group>"; };
		3E16B8A1273EDA6E004AEC21 /* CartView.swift */ = {isa = PBXFileReference; lastKnownFileType = sourcecode.swift; path = CartView.swift; sourceTree = "<group>"; };
		3E16B8A7273EE66F004AEC21 /* HeaderButtonView.swift */ = {isa = PBXFileReference; lastKnownFileType = sourcecode.swift; path = HeaderButtonView.swift; sourceTree = "<group>"; };
		3E16B8A9273EE770004AEC21 /* HeaderView.swift */ = {isa = PBXFileReference; lastKnownFileType = sourcecode.swift; path = HeaderView.swift; sourceTree = "<group>"; };
		3E16B8AB273EEC55004AEC21 /* SubHeaderView.swift */ = {isa = PBXFileReference; lastKnownFileType = sourcecode.swift; path = SubHeaderView.swift; sourceTree = "<group>"; };
		3E16B8AE273F00C8004AEC21 /* ProductCarouselView.swift */ = {isa = PBXFileReference; lastKnownFileType = sourcecode.swift; path = ProductCarouselView.swift; sourceTree = "<group>"; };
		3E16B8B0273F0120004AEC21 /* ProductCarouselHeaderView.swift */ = {isa = PBXFileReference; lastKnownFileType = sourcecode.swift; path = ProductCarouselHeaderView.swift; sourceTree = "<group>"; };
		3E16B8B2273F15FE004AEC21 /* ProductCardView.swift */ = {isa = PBXFileReference; lastKnownFileType = sourcecode.swift; path = ProductCardView.swift; sourceTree = "<group>"; };
		3ECB3DC627411C7400A14D36 /* FlatLinkStyle.swift */ = {isa = PBXFileReference; lastKnownFileType = sourcecode.swift; path = FlatLinkStyle.swift; sourceTree = "<group>"; };
		3ECB3DC8274226D400A14D36 /* FlatBlueButton.swift */ = {isa = PBXFileReference; lastKnownFileType = sourcecode.swift; path = FlatBlueButton.swift; sourceTree = "<group>"; };
		3ECB3DCA27427F3600A14D36 /* ProductDetailsTopView.swift */ = {isa = PBXFileReference; lastKnownFileType = sourcecode.swift; path = ProductDetailsTopView.swift; sourceTree = "<group>"; };
		3ECB3DCC2742821100A14D36 /* CartButtonView.swift */ = {isa = PBXFileReference; lastKnownFileType = sourcecode.swift; path = CartButtonView.swift; sourceTree = "<group>"; };
		3ECB3DCE2742827800A14D36 /* ProductDetailsLocationView.swift */ = {isa = PBXFileReference; lastKnownFileType = sourcecode.swift; path = ProductDetailsLocationView.swift; sourceTree = "<group>"; };
		3ECB3DD02742832F00A14D36 /* ProductDetailsPriceView.swift */ = {isa = PBXFileReference; lastKnownFileType = sourcecode.swift; path = ProductDetailsPriceView.swift; sourceTree = "<group>"; };
		3ECB3DD32743920800A14D36 /* ProductModel.swift */ = {isa = PBXFileReference; lastKnownFileType = sourcecode.swift; path = ProductModel.swift; sourceTree = "<group>"; };
		3ECB3DD52743922E00A14D36 /* CategoryModel.swift */ = {isa = PBXFileReference; lastKnownFileType = sourcecode.swift; path = CategoryModel.swift; sourceTree = "<group>"; };
		3ECB3DD92743925700A14D36 /* CartModel.swift */ = {isa = PBXFileReference; lastKnownFileType = sourcecode.swift; path = CartModel.swift; sourceTree = "<group>"; };
		3ECB3DDD274397EC00A14D36 /* ProductDataProvider.swift */ = {isa = PBXFileReference; lastKnownFileType = sourcecode.swift; path = ProductDataProvider.swift; sourceTree = "<group>"; };
		3ECB3DE12746394100A14D36 /* AvailabilityModel.swift */ = {isa = PBXFileReference; lastKnownFileType = sourcecode.swift; path = AvailabilityModel.swift; sourceTree = "<group>"; };
		3ECB3DE32746396900A14D36 /* ProductImage.swift */ = {isa = PBXFileReference; lastKnownFileType = sourcecode.swift; path = ProductImage.swift; sourceTree = "<group>"; };
		3ECB3DE72746DC3A00A14D36 /* UIApplication+Extension.swift */ = {isa = PBXFileReference; lastKnownFileType = sourcecode.swift; path = "UIApplication+Extension.swift"; sourceTree = "<group>"; };
		3ECB3DE92747084600A14D36 /* ImageCarouselView.swift */ = {isa = PBXFileReference; lastKnownFileType = sourcecode.swift; path = ImageCarouselView.swift; sourceTree = "<group>"; };
/* End PBXFileReference section */

/* Begin PBXFrameworksBuildPhase section */
		3E16B862273C410D004AEC21 /* Frameworks */ = {
			isa = PBXFrameworksBuildPhase;
			buildActionMask = 2147483647;
			files = (
			);
			runOnlyForDeploymentPostprocessing = 0;
		};
		3E16B872273C410F004AEC21 /* Frameworks */ = {
			isa = PBXFrameworksBuildPhase;
			buildActionMask = 2147483647;
			files = (
			);
			runOnlyForDeploymentPostprocessing = 0;
		};
		3E16B87C273C410F004AEC21 /* Frameworks */ = {
			isa = PBXFrameworksBuildPhase;
			buildActionMask = 2147483647;
			files = (
			);
			runOnlyForDeploymentPostprocessing = 0;
		};
/* End PBXFrameworksBuildPhase section */

/* Begin PBXGroup section */
		3E16B85C273C410D004AEC21 = {
			isa = PBXGroup;
			children = (
				3E16B867273C410D004AEC21 /* jubili */,
				3E16B878273C410F004AEC21 /* jubiliTests */,
				3E16B882273C410F004AEC21 /* jubiliUITests */,
				3E16B866273C410D004AEC21 /* Products */,
			);
			sourceTree = "<group>";
		};
		3E16B866273C410D004AEC21 /* Products */ = {
			isa = PBXGroup;
			children = (
				3E16B865273C410D004AEC21 /* Jubili.app */,
				3E16B875273C410F004AEC21 /* jubiliTests.xctest */,
				3E16B87F273C410F004AEC21 /* jubiliUITests.xctest */,
			);
			name = Products;
			sourceTree = "<group>";
		};
		3E16B867273C410D004AEC21 /* jubili */ = {
			isa = PBXGroup;
			children = (
				3ECB3DD2274391EB00A14D36 /* DataModels */,
				3E16B895273E71BB004AEC21 /* Extensions */,
				3E16B894273C41F6004AEC21 /* Modules */,
				3E16B893273C4151004AEC21 /* AppFiles */,
				3E16B892273C413E004AEC21 /* AppAssets */,
				3E16B86E273C410F004AEC21 /* Preview Content */,
			);
			path = jubili;
			sourceTree = "<group>";
		};
		3E16B86E273C410F004AEC21 /* Preview Content */ = {
			isa = PBXGroup;
			children = (
				3E16B86F273C410F004AEC21 /* Preview Assets.xcassets */,
			);
			path = "Preview Content";
			sourceTree = "<group>";
		};
		3E16B878273C410F004AEC21 /* jubiliTests */ = {
			isa = PBXGroup;
			children = (
				3E16B879273C410F004AEC21 /* jubiliTests.swift */,
			);
			path = jubiliTests;
			sourceTree = "<group>";
		};
		3E16B882273C410F004AEC21 /* jubiliUITests */ = {
			isa = PBXGroup;
			children = (
				3E16B883273C410F004AEC21 /* jubiliUITests.swift */,
				3E16B885273C410F004AEC21 /* jubiliUITestsLaunchTests.swift */,
			);
			path = jubiliUITests;
			sourceTree = "<group>";
		};
		3E16B892273C413E004AEC21 /* AppAssets */ = {
			isa = PBXGroup;
			children = (
				3E16B86C273C410F004AEC21 /* Assets.xcassets */,
			);
			path = AppAssets;
			sourceTree = "<group>";
		};
		3E16B893273C4151004AEC21 /* AppFiles */ = {
			isa = PBXGroup;
			children = (
				3E16B868273C410D004AEC21 /* jubiliApp.swift */,
			);
			path = AppFiles;
			sourceTree = "<group>";
		};
		3E16B894273C41F6004AEC21 /* Modules */ = {
			isa = PBXGroup;
			children = (
				3E16B8A3273EDAA2004AEC21 /* CustomViews */,
				3E16B89C273EDA29004AEC21 /* CartView */,
				3E16B89B273EDA1E004AEC21 /* ProductView */,
				3E16B89A273ED9B2004AEC21 /* StoreFrontView */,
			);
			path = Modules;
			sourceTree = "<group>";
		};
		3E16B895273E71BB004AEC21 /* Extensions */ = {
			isa = PBXGroup;
			children = (
				3E16B896273E71DC004AEC21 /* UIScreen+Extension.swift */,
				3E16B898273E7273004AEC21 /* Color+Extension.swift */,
				3ECB3DE72746DC3A00A14D36 /* UIApplication+Extension.swift */,
			);
			path = Extensions;
			sourceTree = "<group>";
		};
		3E16B89A273ED9B2004AEC21 /* StoreFrontView */ = {
			isa = PBXGroup;
			children = (
				3E16B89D273EDA49004AEC21 /* StoreFrontView.swift */,
				3E16B8A9273EE770004AEC21 /* HeaderView.swift */,
				3E16B8AB273EEC55004AEC21 /* SubHeaderView.swift */,
				3E16B8AE273F00C8004AEC21 /* ProductCarouselView.swift */,
				3E16B8B0273F0120004AEC21 /* ProductCarouselHeaderView.swift */,
				3E16B8B2273F15FE004AEC21 /* ProductCardView.swift */,
			);
			path = StoreFrontView;
			sourceTree = "<group>";
		};
		3E16B89B273EDA1E004AEC21 /* ProductView */ = {
			isa = PBXGroup;
			children = (
				3E16B89F273EDA61004AEC21 /* ProductView.swift */,
				3ECB3DCA27427F3600A14D36 /* ProductDetailsTopView.swift */,
				3ECB3DCC2742821100A14D36 /* CartButtonView.swift */,
				3ECB3DCE2742827800A14D36 /* ProductDetailsLocationView.swift */,
				3ECB3DD02742832F00A14D36 /* ProductDetailsPriceView.swift */,
				3ECB3DE92747084600A14D36 /* ImageCarouselView.swift */,
			);
			path = ProductView;
			sourceTree = "<group>";
		};
		3E16B89C273EDA29004AEC21 /* CartView */ = {
			isa = PBXGroup;
			children = (
				3E16B8A1273EDA6E004AEC21 /* CartView.swift */,
			);
			path = CartView;
			sourceTree = "<group>";
		};
		3E16B8A3273EDAA2004AEC21 /* CustomViews */ = {
			isa = PBXGroup;
			children = (
				3E16B8A7273EE66F004AEC21 /* HeaderButtonView.swift */,
				3ECB3DC627411C7400A14D36 /* FlatLinkStyle.swift */,
				3ECB3DC8274226D400A14D36 /* FlatBlueButton.swift */,
			);
			path = CustomViews;
			sourceTree = "<group>";
		};
		3ECB3DD2274391EB00A14D36 /* DataModels */ = {
			isa = PBXGroup;
			children = (
				3ECB3DD32743920800A14D36 /* ProductModel.swift */,
				3ECB3DE32746396900A14D36 /* ProductImage.swift */,
				3ECB3DE12746394100A14D36 /* AvailabilityModel.swift */,
				3ECB3DD52743922E00A14D36 /* CategoryModel.swift */,
				3ECB3DD92743925700A14D36 /* CartModel.swift */,
				3ECB3DDD274397EC00A14D36 /* ProductDataProvider.swift */,
			);
			path = DataModels;
			sourceTree = "<group>";
		};
/* End PBXGroup section */

/* Begin PBXNativeTarget section */
		3E16B864273C410D004AEC21 /* jubili */ = {
			isa = PBXNativeTarget;
			buildConfigurationList = 3E16B889273C410F004AEC21 /* Build configuration list for PBXNativeTarget "jubili" */;
			buildPhases = (
				3E16B861273C410D004AEC21 /* Sources */,
				3E16B862273C410D004AEC21 /* Frameworks */,
				3E16B863273C410D004AEC21 /* Resources */,
			);
			buildRules = (
			);
			dependencies = (
			);
			name = jubili;
			productName = jubili;
			productReference = 3E16B865273C410D004AEC21 /* Jubili.app */;
			productType = "com.apple.product-type.application";
		};
		3E16B874273C410F004AEC21 /* jubiliTests */ = {
			isa = PBXNativeTarget;
			buildConfigurationList = 3E16B88C273C410F004AEC21 /* Build configuration list for PBXNativeTarget "jubiliTests" */;
			buildPhases = (
				3E16B871273C410F004AEC21 /* Sources */,
				3E16B872273C410F004AEC21 /* Frameworks */,
				3E16B873273C410F004AEC21 /* Resources */,
			);
			buildRules = (
			);
			dependencies = (
				3E16B877273C410F004AEC21 /* PBXTargetDependency */,
			);
			name = jubiliTests;
			productName = jubiliTests;
			productReference = 3E16B875273C410F004AEC21 /* jubiliTests.xctest */;
			productType = "com.apple.product-type.bundle.unit-test";
		};
		3E16B87E273C410F004AEC21 /* jubiliUITests */ = {
			isa = PBXNativeTarget;
			buildConfigurationList = 3E16B88F273C410F004AEC21 /* Build configuration list for PBXNativeTarget "jubiliUITests" */;
			buildPhases = (
				3E16B87B273C410F004AEC21 /* Sources */,
				3E16B87C273C410F004AEC21 /* Frameworks */,
				3E16B87D273C410F004AEC21 /* Resources */,
			);
			buildRules = (
			);
			dependencies = (
				3E16B881273C410F004AEC21 /* PBXTargetDependency */,
			);
			name = jubiliUITests;
			productName = jubiliUITests;
			productReference = 3E16B87F273C410F004AEC21 /* jubiliUITests.xctest */;
			productType = "com.apple.product-type.bundle.ui-testing";
		};
/* End PBXNativeTarget section */

/* Begin PBXProject section */
		3E16B85D273C410D004AEC21 /* Project object */ = {
			isa = PBXProject;
			attributes = {
				BuildIndependentTargetsInParallel = 1;
				LastSwiftUpdateCheck = 1310;
				LastUpgradeCheck = 1310;
				TargetAttributes = {
					3E16B864273C410D004AEC21 = {
						CreatedOnToolsVersion = 13.1;
					};
					3E16B874273C410F004AEC21 = {
						CreatedOnToolsVersion = 13.1;
						TestTargetID = 3E16B864273C410D004AEC21;
					};
					3E16B87E273C410F004AEC21 = {
						CreatedOnToolsVersion = 13.1;
						TestTargetID = 3E16B864273C410D004AEC21;
					};
				};
			};
			buildConfigurationList = 3E16B860273C410D004AEC21 /* Build configuration list for PBXProject "jubili" */;
			compatibilityVersion = "Xcode 13.0";
			developmentRegion = en;
			hasScannedForEncodings = 0;
			knownRegions = (
				en,
				Base,
			);
			mainGroup = 3E16B85C273C410D004AEC21;
			productRefGroup = 3E16B866273C410D004AEC21 /* Products */;
			projectDirPath = "";
			projectRoot = "";
			targets = (
				3E16B864273C410D004AEC21 /* jubili */,
				3E16B874273C410F004AEC21 /* jubiliTests */,
				3E16B87E273C410F004AEC21 /* jubiliUITests */,
			);
		};
/* End PBXProject section */

/* Begin PBXResourcesBuildPhase section */
		3E16B863273C410D004AEC21 /* Resources */ = {
			isa = PBXResourcesBuildPhase;
			buildActionMask = 2147483647;
			files = (
				3E16B870273C410F004AEC21 /* Preview Assets.xcassets in Resources */,
				3E16B86D273C410F004AEC21 /* Assets.xcassets in Resources */,
			);
			runOnlyForDeploymentPostprocessing = 0;
		};
		3E16B873273C410F004AEC21 /* Resources */ = {
			isa = PBXResourcesBuildPhase;
			buildActionMask = 2147483647;
			files = (
			);
			runOnlyForDeploymentPostprocessing = 0;
		};
		3E16B87D273C410F004AEC21 /* Resources */ = {
			isa = PBXResourcesBuildPhase;
			buildActionMask = 2147483647;
			files = (
			);
			runOnlyForDeploymentPostprocessing = 0;
		};
/* End PBXResourcesBuildPhase section */

/* Begin PBXSourcesBuildPhase section */
		3E16B861273C410D004AEC21 /* Sources */ = {
			isa = PBXSourcesBuildPhase;
			buildActionMask = 2147483647;
			files = (
				3ECB3DCD2742821100A14D36 /* CartButtonView.swift in Sources */,
				3E16B8AA273EE770004AEC21 /* HeaderView.swift in Sources */,
				3E16B8A8273EE66F004AEC21 /* HeaderButtonView.swift in Sources */,
				3ECB3DC9274226D400A14D36 /* FlatBlueButton.swift in Sources */,
				3ECB3DE82746DC3B00A14D36 /* UIApplication+Extension.swift in Sources */,
				3E16B8AF273F00C8004AEC21 /* ProductCarouselView.swift in Sources */,
				3E16B8A2273EDA6E004AEC21 /* CartView.swift in Sources */,
				3E16B8AC273EEC55004AEC21 /* SubHeaderView.swift in Sources */,
				3ECB3DE42746396900A14D36 /* ProductImage.swift in Sources */,
				3ECB3DCF2742827900A14D36 /* ProductDetailsLocationView.swift in Sources */,
				3ECB3DCB27427F3600A14D36 /* ProductDetailsTopView.swift in Sources */,
				3E16B869273C410D004AEC21 /* jubiliApp.swift in Sources */,
				3ECB3DD42743920800A14D36 /* ProductModel.swift in Sources */,
				3E16B897273E71DC004AEC21 /* UIScreen+Extension.swift in Sources */,
				3E16B89E273EDA49004AEC21 /* StoreFrontView.swift in Sources */,
				3ECB3DD62743922E00A14D36 /* CategoryModel.swift in Sources */,
				3ECB3DDA2743925700A14D36 /* CartModel.swift in Sources */,
				3E16B8B1273F0120004AEC21 /* ProductCarouselHeaderView.swift in Sources */,
				3ECB3DE22746394100A14D36 /* AvailabilityModel.swift in Sources */,
				3ECB3DDE274397EC00A14D36 /* ProductDataProvider.swift in Sources */,
				3E16B8A0273EDA61004AEC21 /* ProductView.swift in Sources */,
				3E16B8B3273F15FE004AEC21 /* ProductCardView.swift in Sources */,
				3ECB3DD12742833000A14D36 /* ProductDetailsPriceView.swift in Sources */,
				3ECB3DC727411C7400A14D36 /* FlatLinkStyle.swift in Sources */,
				3ECB3DEA2747084600A14D36 /* ImageCarouselView.swift in Sources */,
				3E16B899273E7273004AEC21 /* Color+Extension.swift in Sources */,
			);
			runOnlyForDeploymentPostprocessing = 0;
		};
		3E16B871273C410F004AEC21 /* Sources */ = {
			isa = PBXSourcesBuildPhase;
			buildActionMask = 2147483647;
			files = (
				3E16B87A273C410F004AEC21 /* jubiliTests.swift in Sources */,
			);
			runOnlyForDeploymentPostprocessing = 0;
		};
		3E16B87B273C410F004AEC21 /* Sources */ = {
			isa = PBXSourcesBuildPhase;
			buildActionMask = 2147483647;
			files = (
				3E16B884273C410F004AEC21 /* jubiliUITests.swift in Sources */,
				3E16B886273C410F004AEC21 /* jubiliUITestsLaunchTests.swift in Sources */,
			);
			runOnlyForDeploymentPostprocessing = 0;
		};
/* End PBXSourcesBuildPhase section */

/* Begin PBXTargetDependency section */
		3E16B877273C410F004AEC21 /* PBXTargetDependency */ = {
			isa = PBXTargetDependency;
			target = 3E16B864273C410D004AEC21 /* jubili */;
			targetProxy = 3E16B876273C410F004AEC21 /* PBXContainerItemProxy */;
		};
		3E16B881273C410F004AEC21 /* PBXTargetDependency */ = {
			isa = PBXTargetDependency;
			target = 3E16B864273C410D004AEC21 /* jubili */;
			targetProxy = 3E16B880273C410F004AEC21 /* PBXContainerItemProxy */;
		};
/* End PBXTargetDependency section */

/* Begin XCBuildConfiguration section */
		3E16B887273C410F004AEC21 /* Debug */ = {
			isa = XCBuildConfiguration;
			buildSettings = {
				ALWAYS_SEARCH_USER_PATHS = NO;
				CLANG_ANALYZER_NONNULL = YES;
				CLANG_ANALYZER_NUMBER_OBJECT_CONVERSION = YES_AGGRESSIVE;
				CLANG_CXX_LANGUAGE_STANDARD = "gnu++17";
				CLANG_CXX_LIBRARY = "libc++";
				CLANG_ENABLE_MODULES = YES;
				CLANG_ENABLE_OBJC_ARC = YES;
				CLANG_ENABLE_OBJC_WEAK = YES;
				CLANG_WARN_BLOCK_CAPTURE_AUTORELEASING = YES;
				CLANG_WARN_BOOL_CONVERSION = YES;
				CLANG_WARN_COMMA = YES;
				CLANG_WARN_CONSTANT_CONVERSION = YES;
				CLANG_WARN_DEPRECATED_OBJC_IMPLEMENTATIONS = YES;
				CLANG_WARN_DIRECT_OBJC_ISA_USAGE = YES_ERROR;
				CLANG_WARN_DOCUMENTATION_COMMENTS = YES;
				CLANG_WARN_EMPTY_BODY = YES;
				CLANG_WARN_ENUM_CONVERSION = YES;
				CLANG_WARN_INFINITE_RECURSION = YES;
				CLANG_WARN_INT_CONVERSION = YES;
				CLANG_WARN_NON_LITERAL_NULL_CONVERSION = YES;
				CLANG_WARN_OBJC_IMPLICIT_RETAIN_SELF = YES;
				CLANG_WARN_OBJC_LITERAL_CONVERSION = YES;
				CLANG_WARN_OBJC_ROOT_CLASS = YES_ERROR;
				CLANG_WARN_QUOTED_INCLUDE_IN_FRAMEWORK_HEADER = YES;
				CLANG_WARN_RANGE_LOOP_ANALYSIS = YES;
				CLANG_WARN_STRICT_PROTOTYPES = YES;
				CLANG_WARN_SUSPICIOUS_MOVE = YES;
				CLANG_WARN_UNGUARDED_AVAILABILITY = YES_AGGRESSIVE;
				CLANG_WARN_UNREACHABLE_CODE = YES;
				CLANG_WARN__DUPLICATE_METHOD_MATCH = YES;
				COPY_PHASE_STRIP = NO;
				DEBUG_INFORMATION_FORMAT = dwarf;
				ENABLE_STRICT_OBJC_MSGSEND = YES;
				ENABLE_TESTABILITY = YES;
				GCC_C_LANGUAGE_STANDARD = gnu11;
				GCC_DYNAMIC_NO_PIC = NO;
				GCC_NO_COMMON_BLOCKS = YES;
				GCC_OPTIMIZATION_LEVEL = 0;
				GCC_PREPROCESSOR_DEFINITIONS = (
					"DEBUG=1",
					"$(inherited)",
				);
				GCC_WARN_64_TO_32_BIT_CONVERSION = YES;
				GCC_WARN_ABOUT_RETURN_TYPE = YES_ERROR;
				GCC_WARN_UNDECLARED_SELECTOR = YES;
				GCC_WARN_UNINITIALIZED_AUTOS = YES_AGGRESSIVE;
				GCC_WARN_UNUSED_FUNCTION = YES;
				GCC_WARN_UNUSED_VARIABLE = YES;
				IPHONEOS_DEPLOYMENT_TARGET = 15.0;
				MTL_ENABLE_DEBUG_INFO = INCLUDE_SOURCE;
				MTL_FAST_MATH = YES;
				ONLY_ACTIVE_ARCH = YES;
				SDKROOT = iphoneos;
				SWIFT_ACTIVE_COMPILATION_CONDITIONS = DEBUG;
				SWIFT_OPTIMIZATION_LEVEL = "-Onone";
			};
			name = Debug;
		};
		3E16B888273C410F004AEC21 /* Release */ = {
			isa = XCBuildConfiguration;
			buildSettings = {
				ALWAYS_SEARCH_USER_PATHS = NO;
				CLANG_ANALYZER_NONNULL = YES;
				CLANG_ANALYZER_NUMBER_OBJECT_CONVERSION = YES_AGGRESSIVE;
				CLANG_CXX_LANGUAGE_STANDARD = "gnu++17";
				CLANG_CXX_LIBRARY = "libc++";
				CLANG_ENABLE_MODULES = YES;
				CLANG_ENABLE_OBJC_ARC = YES;
				CLANG_ENABLE_OBJC_WEAK = YES;
				CLANG_WARN_BLOCK_CAPTURE_AUTORELEASING = YES;
				CLANG_WARN_BOOL_CONVERSION = YES;
				CLANG_WARN_COMMA = YES;
				CLANG_WARN_CONSTANT_CONVERSION = YES;
				CLANG_WARN_DEPRECATED_OBJC_IMPLEMENTATIONS = YES;
				CLANG_WARN_DIRECT_OBJC_ISA_USAGE = YES_ERROR;
				CLANG_WARN_DOCUMENTATION_COMMENTS = YES;
				CLANG_WARN_EMPTY_BODY = YES;
				CLANG_WARN_ENUM_CONVERSION = YES;
				CLANG_WARN_INFINITE_RECURSION = YES;
				CLANG_WARN_INT_CONVERSION = YES;
				CLANG_WARN_NON_LITERAL_NULL_CONVERSION = YES;
				CLANG_WARN_OBJC_IMPLICIT_RETAIN_SELF = YES;
				CLANG_WARN_OBJC_LITERAL_CONVERSION = YES;
				CLANG_WARN_OBJC_ROOT_CLASS = YES_ERROR;
				CLANG_WARN_QUOTED_INCLUDE_IN_FRAMEWORK_HEADER = YES;
				CLANG_WARN_RANGE_LOOP_ANALYSIS = YES;
				CLANG_WARN_STRICT_PROTOTYPES = YES;
				CLANG_WARN_SUSPICIOUS_MOVE = YES;
				CLANG_WARN_UNGUARDED_AVAILABILITY = YES_AGGRESSIVE;
				CLANG_WARN_UNREACHABLE_CODE = YES;
				CLANG_WARN__DUPLICATE_METHOD_MATCH = YES;
				COPY_PHASE_STRIP = NO;
				DEBUG_INFORMATION_FORMAT = "dwarf-with-dsym";
				ENABLE_NS_ASSERTIONS = NO;
				ENABLE_STRICT_OBJC_MSGSEND = YES;
				GCC_C_LANGUAGE_STANDARD = gnu11;
				GCC_NO_COMMON_BLOCKS = YES;
				GCC_WARN_64_TO_32_BIT_CONVERSION = YES;
				GCC_WARN_ABOUT_RETURN_TYPE = YES_ERROR;
				GCC_WARN_UNDECLARED_SELECTOR = YES;
				GCC_WARN_UNINITIALIZED_AUTOS = YES_AGGRESSIVE;
				GCC_WARN_UNUSED_FUNCTION = YES;
				GCC_WARN_UNUSED_VARIABLE = YES;
				IPHONEOS_DEPLOYMENT_TARGET = 15.0;
				MTL_ENABLE_DEBUG_INFO = NO;
				MTL_FAST_MATH = YES;
				SDKROOT = iphoneos;
				SWIFT_COMPILATION_MODE = wholemodule;
				SWIFT_OPTIMIZATION_LEVEL = "-O";
				VALIDATE_PRODUCT = YES;
			};
			name = Release;
		};
		3E16B88A273C410F004AEC21 /* Debug */ = {
			isa = XCBuildConfiguration;
			buildSettings = {
				ASSETCATALOG_COMPILER_APPICON_NAME = AppIcon;
				ASSETCATALOG_COMPILER_GLOBAL_ACCENT_COLOR_NAME = AccentColor;
				CODE_SIGN_STYLE = Automatic;
				CURRENT_PROJECT_VERSION = 1;
				DEVELOPMENT_ASSET_PATHS = "\"jubili/Preview Content\"";
				DEVELOPMENT_TEAM = 9PGNALUY6R;
				ENABLE_PREVIEWS = YES;
				GENERATE_INFOPLIST_FILE = YES;
				INFOPLIST_FILE = jubili/Info.plist;
				INFOPLIST_KEY_UIApplicationSceneManifest_Generation = YES;
				INFOPLIST_KEY_UIApplicationSupportsIndirectInputEvents = YES;
				INFOPLIST_KEY_UILaunchScreen_Generation = YES;
				INFOPLIST_KEY_UISupportedInterfaceOrientations = UIInterfaceOrientationPortrait;
				INFOPLIST_KEY_UISupportedInterfaceOrientations_iPad = "UIInterfaceOrientationPortrait UIInterfaceOrientationPortraitUpsideDown UIInterfaceOrientationLandscapeLeft UIInterfaceOrientationLandscapeRight";
				INFOPLIST_KEY_UISupportedInterfaceOrientations_iPhone = "UIInterfaceOrientationPortrait UIInterfaceOrientationLandscapeLeft UIInterfaceOrientationLandscapeRight";
				LD_RUNPATH_SEARCH_PATHS = (
					"$(inherited)",
					"@executable_path/Frameworks",
				);
				MARKETING_VERSION = 1.0;
				PRODUCT_BUNDLE_IDENTIFIER = com.my.jubili;
				PRODUCT_NAME = Jubili;
				SWIFT_EMIT_LOC_STRINGS = YES;
				SWIFT_VERSION = 5.0;
				TARGETED_DEVICE_FAMILY = 1;
			};
			name = Debug;
		};
		3E16B88B273C410F004AEC21 /* Release */ = {
			isa = XCBuildConfiguration;
			buildSettings = {
				ASSETCATALOG_COMPILER_APPICON_NAME = AppIcon;
				ASSETCATALOG_COMPILER_GLOBAL_ACCENT_COLOR_NAME = AccentColor;
				CODE_SIGN_STYLE = Automatic;
				CURRENT_PROJECT_VERSION = 1;
				DEVELOPMENT_ASSET_PATHS = "\"jubili/Preview Content\"";
				DEVELOPMENT_TEAM = 9PGNALUY6R;
				ENABLE_PREVIEWS = YES;
				GENERATE_INFOPLIST_FILE = YES;
				INFOPLIST_FILE = jubili/Info.plist;
				INFOPLIST_KEY_UIApplicationSceneManifest_Generation = YES;
				INFOPLIST_KEY_UIApplicationSupportsIndirectInputEvents = YES;
				INFOPLIST_KEY_UILaunchScreen_Generation = YES;
				INFOPLIST_KEY_UISupportedInterfaceOrientations = UIInterfaceOrientationPortrait;
				INFOPLIST_KEY_UISupportedInterfaceOrientations_iPad = "UIInterfaceOrientationPortrait UIInterfaceOrientationPortraitUpsideDown UIInterfaceOrientationLandscapeLeft UIInterfaceOrientationLandscapeRight";
				INFOPLIST_KEY_UISupportedInterfaceOrientations_iPhone = "UIInterfaceOrientationPortrait UIInterfaceOrientationLandscapeLeft UIInterfaceOrientationLandscapeRight";
				LD_RUNPATH_SEARCH_PATHS = (
					"$(inherited)",
					"@executable_path/Frameworks",
				);
				MARKETING_VERSION = 1.0;
				PRODUCT_BUNDLE_IDENTIFIER = com.my.jubili;
				PRODUCT_NAME = Jubili;
				SWIFT_EMIT_LOC_STRINGS = YES;
				SWIFT_VERSION = 5.0;
				TARGETED_DEVICE_FAMILY = 1;
			};
			name = Release;
		};
		3E16B88D273C410F004AEC21 /* Debug */ = {
			isa = XCBuildConfiguration;
			buildSettings = {
				ALWAYS_EMBED_SWIFT_STANDARD_LIBRARIES = YES;
				BUNDLE_LOADER = "$(TEST_HOST)";
				CODE_SIGN_STYLE = Automatic;
				CURRENT_PROJECT_VERSION = 1;
				DEVELOPMENT_TEAM = 9PGNALUY6R;
				GENERATE_INFOPLIST_FILE = YES;
				IPHONEOS_DEPLOYMENT_TARGET = 15.0;
				LD_RUNPATH_SEARCH_PATHS = (
					"$(inherited)",
					"@executable_path/Frameworks",
					"@loader_path/Frameworks",
				);
				MARKETING_VERSION = 1.0;
				PRODUCT_BUNDLE_IDENTIFIER = com.my.jubiliTests;
				PRODUCT_NAME = "$(TARGET_NAME)";
				SWIFT_EMIT_LOC_STRINGS = NO;
				SWIFT_VERSION = 5.0;
				TARGETED_DEVICE_FAMILY = "1,2";
				TEST_HOST = "$(BUILT_PRODUCTS_DIR)/jubili.app/jubili";
			};
			name = Debug;
		};
		3E16B88E273C410F004AEC21 /* Release */ = {
			isa = XCBuildConfiguration;
			buildSettings = {
				ALWAYS_EMBED_SWIFT_STANDARD_LIBRARIES = YES;
				BUNDLE_LOADER = "$(TEST_HOST)";
				CODE_SIGN_STYLE = Automatic;
				CURRENT_PROJECT_VERSION = 1;
				DEVELOPMENT_TEAM = 9PGNALUY6R;
				GENERATE_INFOPLIST_FILE = YES;
				IPHONEOS_DEPLOYMENT_TARGET = 15.0;
				LD_RUNPATH_SEARCH_PATHS = (
					"$(inherited)",
					"@executable_path/Frameworks",
					"@loader_path/Frameworks",
				);
				MARKETING_VERSION = 1.0;
				PRODUCT_BUNDLE_IDENTIFIER = com.my.jubiliTests;
				PRODUCT_NAME = "$(TARGET_NAME)";
				SWIFT_EMIT_LOC_STRINGS = NO;
				SWIFT_VERSION = 5.0;
				TARGETED_DEVICE_FAMILY = "1,2";
				TEST_HOST = "$(BUILT_PRODUCTS_DIR)/jubili.app/jubili";
			};
			name = Release;
		};
		3E16B890273C410F004AEC21 /* Debug */ = {
			isa = XCBuildConfiguration;
			buildSettings = {
				ALWAYS_EMBED_SWIFT_STANDARD_LIBRARIES = YES;
				CODE_SIGN_STYLE = Automatic;
				CURRENT_PROJECT_VERSION = 1;
				DEVELOPMENT_TEAM = 9PGNALUY6R;
				GENERATE_INFOPLIST_FILE = YES;
				LD_RUNPATH_SEARCH_PATHS = (
					"$(inherited)",
					"@executable_path/Frameworks",
					"@loader_path/Frameworks",
				);
				MARKETING_VERSION = 1.0;
				PRODUCT_BUNDLE_IDENTIFIER = com.my.jubiliUITests;
				PRODUCT_NAME = "$(TARGET_NAME)";
				SWIFT_EMIT_LOC_STRINGS = NO;
				SWIFT_VERSION = 5.0;
				TARGETED_DEVICE_FAMILY = "1,2";
				TEST_TARGET_NAME = jubili;
			};
			name = Debug;
		};
		3E16B891273C410F004AEC21 /* Release */ = {
			isa = XCBuildConfiguration;
			buildSettings = {
				ALWAYS_EMBED_SWIFT_STANDARD_LIBRARIES = YES;
				CODE_SIGN_STYLE = Automatic;
				CURRENT_PROJECT_VERSION = 1;
				DEVELOPMENT_TEAM = 9PGNALUY6R;
				GENERATE_INFOPLIST_FILE = YES;
				LD_RUNPATH_SEARCH_PATHS = (
					"$(inherited)",
					"@executable_path/Frameworks",
					"@loader_path/Frameworks",
				);
				MARKETING_VERSION = 1.0;
				PRODUCT_BUNDLE_IDENTIFIER = com.my.jubiliUITests;
				PRODUCT_NAME = "$(TARGET_NAME)";
				SWIFT_EMIT_LOC_STRINGS = NO;
				SWIFT_VERSION = 5.0;
				TARGETED_DEVICE_FAMILY = "1,2";
				TEST_TARGET_NAME = jubili;
			};
			name = Release;
		};
/* End XCBuildConfiguration section */

/* Begin XCConfigurationList section */
		3E16B860273C410D004AEC21 /* Build configuration list for PBXProject "jubili" */ = {
			isa = XCConfigurationList;
			buildConfigurations = (
				3E16B887273C410F004AEC21 /* Debug */,
				3E16B888273C410F004AEC21 /* Release */,
			);
			defaultConfigurationIsVisible = 0;
			defaultConfigurationName = Release;
		};
		3E16B889273C410F004AEC21 /* Build configuration list for PBXNativeTarget "jubili" */ = {
			isa = XCConfigurationList;
			buildConfigurations = (
				3E16B88A273C410F004AEC21 /* Debug */,
				3E16B88B273C410F004AEC21 /* Release */,
			);
			defaultConfigurationIsVisible = 0;
			defaultConfigurationName = Release;
		};
		3E16B88C273C410F004AEC21 /* Build configuration list for PBXNativeTarget "jubiliTests" */ = {
			isa = XCConfigurationList;
			buildConfigurations = (
				3E16B88D273C410F004AEC21 /* Debug */,
				3E16B88E273C410F004AEC21 /* Release */,
			);
			defaultConfigurationIsVisible = 0;
			defaultConfigurationName = Release;
		};
		3E16B88F273C410F004AEC21 /* Build configuration list for PBXNativeTarget "jubiliUITests" */ = {
			isa = XCConfigurationList;
			buildConfigurations = (
				3E16B890273C410F004AEC21 /* Debug */,
				3E16B891273C410F004AEC21 /* Release */,
			);
			defaultConfigurationIsVisible = 0;
			defaultConfigurationName = Release;
		};
/* End XCConfigurationList section */
	};
	rootObject = 3E16B85D273C410D004AEC21 /* Project object */;
}
